
Microsoft Visual Studio Solution File, Format Version 12.00
# Visual Studio Version 16
VisualStudioVersion = 16.0.29411.108
MinimumVisualStudioVersion = 10.0.40219.1
Project("{9A19103F-16F7-4668-BE54-9A1E7A4F7556}") = "Shop", "Shop\Shop.csproj", "{9970F661-3103-4A4B-8E01-345F07672B32}"
EndProject
Project("{9A19103F-16F7-4668-BE54-9A1E7A4F7556}") = "EndingsOfTheNouns", "EndingsOfTheNouns\EndingsOfTheNouns.csproj", "{A577D017-4E74-48EF-8249-05CA00529D70}"
EndProject
Project("{9A19103F-16F7-4668-BE54-9A1E7A4F7556}") = "Shop.DAL", "Shop.DAL\Shop.DAL.csproj", "{666C1F81-FC3D-44C5-A930-F18796A63DB9}"
EndProject
Project("{9A19103F-16F7-4668-BE54-9A1E7A4F7556}") = "Shop.BLL", "Shop.BLL\Shop.BLL.csproj", "{45EA58C0-5047-46FA-BE01-E412FC3B4D8A}"
EndProject
Project("{9A19103F-16F7-4668-BE54-9A1E7A4F7556}") = "Shop.PL", "Shop.PL\Shop.PL.csproj", "{2E4704B9-4EB5-4039-BF26-5265CEF74658}"
EndProject
Project("{9A19103F-16F7-4668-BE54-9A1E7A4F7556}") = "CursorInConsole", "CursorInConsole\CursorInConsole.csproj", "{5F585666-B51C-4B9A-A7D0-1A4A3908B322}"
EndProject
Project("{9A19103F-16F7-4668-BE54-9A1E7A4F7556}") = "RecordInJsonFile", "RecordInJsonFile\RecordInJsonFile.csproj", "{D09481B3-7B8A-4C9E-8958-97431829DBF0}"
EndProject
Project("{9A19103F-16F7-4668-BE54-9A1E7A4F7556}") = "Exceptions", "Exceptions\Exceptions.csproj", "{E2532932-E65F-4697-9E6E-499F433FD3DC}"
EndProject
Global
	GlobalSection(SolutionConfigurationPlatforms) = preSolution
		Debug|Any CPU = Debug|Any CPU
		Release|Any CPU = Release|Any CPU
	EndGlobalSection
	GlobalSection(ProjectConfigurationPlatforms) = postSolution
		{9970F661-3103-4A4B-8E01-345F07672B32}.Debug|Any CPU.ActiveCfg = Debug|Any CPU
		{9970F661-3103-4A4B-8E01-345F07672B32}.Debug|Any CPU.Build.0 = Debug|Any CPU
		{9970F661-3103-4A4B-8E01-345F07672B32}.Release|Any CPU.ActiveCfg = Release|Any CPU
		{9970F661-3103-4A4B-8E01-345F07672B32}.Release|Any CPU.Build.0 = Release|Any CPU
		{A577D017-4E74-48EF-8249-05CA00529D70}.Debug|Any CPU.ActiveCfg = Debug|Any CPU
		{A577D017-4E74-48EF-8249-05CA00529D70}.Debug|Any CPU.Build.0 = Debug|Any CPU
		{A577D017-4E74-48EF-8249-05CA00529D70}.Release|Any CPU.ActiveCfg = Release|Any CPU
		{A577D017-4E74-48EF-8249-05CA00529D70}.Release|Any CPU.Build.0 = Release|Any CPU
		{666C1F81-FC3D-44C5-A930-F18796A63DB9}.Debug|Any CPU.ActiveCfg = Debug|Any CPU
		{666C1F81-FC3D-44C5-A930-F18796A63DB9}.Debug|Any CPU.Build.0 = Debug|Any CPU
		{666C1F81-FC3D-44C5-A930-F18796A63DB9}.Release|Any CPU.ActiveCfg = Release|Any CPU
		{666C1F81-FC3D-44C5-A930-F18796A63DB9}.Release|Any CPU.Build.0 = Release|Any CPU
		{45EA58C0-5047-46FA-BE01-E412FC3B4D8A}.Debug|Any CPU.ActiveCfg = Debug|Any CPU
		{45EA58C0-5047-46FA-BE01-E412FC3B4D8A}.Debug|Any CPU.Build.0 = Debug|Any CPU
		{45EA58C0-5047-46FA-BE01-E412FC3B4D8A}.Release|Any CPU.ActiveCfg = Release|Any CPU
		{45EA58C0-5047-46FA-BE01-E412FC3B4D8A}.Release|Any CPU.Build.0 = Release|Any CPU
		{2E4704B9-4EB5-4039-BF26-5265CEF74658}.Debug|Any CPU.ActiveCfg = Debug|Any CPU
		{2E4704B9-4EB5-4039-BF26-5265CEF74658}.Debug|Any CPU.Build.0 = Debug|Any CPU
		{2E4704B9-4EB5-4039-BF26-5265CEF74658}.Release|Any CPU.ActiveCfg = Release|Any CPU
		{2E4704B9-4EB5-4039-BF26-5265CEF74658}.Release|Any CPU.Build.0 = Release|Any CPU
		{5F585666-B51C-4B9A-A7D0-1A4A3908B322}.Debug|Any CPU.ActiveCfg = Debug|Any CPU
		{5F585666-B51C-4B9A-A7D0-1A4A3908B322}.Debug|Any CPU.Build.0 = Debug|Any CPU
		{5F585666-B51C-4B9A-A7D0-1A4A3908B322}.Release|Any CPU.ActiveCfg = Release|Any CPU
		{5F585666-B51C-4B9A-A7D0-1A4A3908B322}.Release|Any CPU.Build.0 = Release|Any CPU
		{D09481B3-7B8A-4C9E-8958-97431829DBF0}.Debug|Any CPU.ActiveCfg = Debug|Any CPU
		{D09481B3-7B8A-4C9E-8958-97431829DBF0}.Debug|Any CPU.Build.0 = Debug|Any CPU
		{D09481B3-7B8A-4C9E-8958-97431829DBF0}.Release|Any CPU.ActiveCfg = Release|Any CPU
		{D09481B3-7B8A-4C9E-8958-97431829DBF0}.Release|Any CPU.Build.0 = Release|Any CPU
		{E2532932-E65F-4697-9E6E-499F433FD3DC}.Debug|Any CPU.ActiveCfg = Debug|Any CPU
		{E2532932-E65F-4697-9E6E-499F433FD3DC}.Debug|Any CPU.Build.0 = Debug|Any CPU
		{E2532932-E65F-4697-9E6E-499F433FD3DC}.Release|Any CPU.ActiveCfg = Release|Any CPU
		{E2532932-E65F-4697-9E6E-499F433FD3DC}.Release|Any CPU.Build.0 = Release|Any CPU
	EndGlobalSection
	GlobalSection(SolutionProperties) = preSolution
		HideSolutionNode = FALSE
	EndGlobalSection
	GlobalSection(ExtensibilityGlobals) = postSolution
		SolutionGuid = {21ACC658-9F37-40E8-BB3C-F84C9389CF79}
	EndGlobalSection
EndGlobal
